// !$*UTF8*$!
{
	archiveVersion = 1;
	classes = {
	};
	objectVersion = 46;
	objects = {

/* Begin PBXBuildFile section */
		028918774F7DDCB86EE1CDE2 /* Pods_ToDoListCoreData.framework in Frameworks */ = {isa = PBXBuildFile; fileRef = 3794CD7E6AF54481E8C2701C /* Pods_ToDoListCoreData.framework */; };
		9B3352CC1D990ED500183C2E /* AppDelegate.swift in Sources */ = {isa = PBXBuildFile; fileRef = 9B3352CB1D990ED500183C2E /* AppDelegate.swift */; };
		9B3352CE1D990ED500183C2E /* ViewController.swift in Sources */ = {isa = PBXBuildFile; fileRef = 9B3352CD1D990ED500183C2E /* ViewController.swift */; };
		9B3352D11D990ED500183C2E /* Main.storyboard in Resources */ = {isa = PBXBuildFile; fileRef = 9B3352CF1D990ED500183C2E /* Main.storyboard */; };
		9B3352D41D990ED500183C2E /* ToDoListCoreData.xcdatamodeld in Sources */ = {isa = PBXBuildFile; fileRef = 9B3352D21D990ED500183C2E /* ToDoListCoreData.xcdatamodeld */; };
		9B3352D61D990ED500183C2E /* Assets.xcassets in Resources */ = {isa = PBXBuildFile; fileRef = 9B3352D51D990ED500183C2E /* Assets.xcassets */; };
		9B3352D91D990ED500183C2E /* LaunchScreen.storyboard in Resources */ = {isa = PBXBuildFile; fileRef = 9B3352D71D990ED500183C2E /* LaunchScreen.storyboard */; };
		9B3352E21D99148B00183C2E /* ToDo+CoreDataProperties.swift in Sources */ = {isa = PBXBuildFile; fileRef = 9B3352E01D99148B00183C2E /* ToDo+CoreDataProperties.swift */; };
		9B3352E31D99148B00183C2E /* ToDo.swift in Sources */ = {isa = PBXBuildFile; fileRef = 9B3352E11D99148B00183C2E /* ToDo.swift */; };
		9B3352E51D991F7400183C2E /* ToDoListTableViewController.swift in Sources */ = {isa = PBXBuildFile; fileRef = 9B3352E41D991F7400183C2E /* ToDoListTableViewController.swift */; };
/* End PBXBuildFile section */

/* Begin PBXFileReference section */
		31B4EEA0D80FE57D5512A547 /* Pods-ToDoListCoreData.debug.xcconfig */ = {isa = PBXFileReference; includeInIndex = 1; lastKnownFileType = text.xcconfig; name = "Pods-ToDoListCoreData.debug.xcconfig"; path = "Pods/Target Support Files/Pods-ToDoListCoreData/Pods-ToDoListCoreData.debug.xcconfig"; sourceTree = "<group>"; };
		3794CD7E6AF54481E8C2701C /* Pods_ToDoListCoreData.framework */ = {isa = PBXFileReference; explicitFileType = wrapper.framework; includeInIndex = 0; path = Pods_ToDoListCoreData.framework; sourceTree = BUILT_PRODUCTS_DIR; };
		9B3352C81D990ED500183C2E /* ToDoListCoreData.app */ = {isa = PBXFileReference; explicitFileType = wrapper.application; includeInIndex = 0; path = ToDoListCoreData.app; sourceTree = BUILT_PRODUCTS_DIR; };
		9B3352CB1D990ED500183C2E /* AppDelegate.swift */ = {isa = PBXFileReference; lastKnownFileType = sourcecode.swift; path = AppDelegate.swift; sourceTree = "<group>"; };
		9B3352CD1D990ED500183C2E /* ViewController.swift */ = {isa = PBXFileReference; lastKnownFileType = sourcecode.swift; path = ViewController.swift; sourceTree = "<group>"; };
		9B3352D01D990ED500183C2E /* Base */ = {isa = PBXFileReference; lastKnownFileType = file.storyboard; name = Base; path = Base.lproj/Main.storyboard; sourceTree = "<group>"; };
		9B3352D31D990ED500183C2E /* ToDoListCoreData.xcdatamodel */ = {isa = PBXFileReference; lastKnownFileType = wrapper.xcdatamodel; path = ToDoListCoreData.xcdatamodel; sourceTree = "<group>"; };
		9B3352D51D990ED500183C2E /* Assets.xcassets */ = {isa = PBXFileReference; lastKnownFileType = folder.assetcatalog; path = Assets.xcassets; sourceTree = "<group>"; };
		9B3352D81D990ED500183C2E /* Base */ = {isa = PBXFileReference; lastKnownFileType = file.storyboard; name = Base; path = Base.lproj/LaunchScreen.storyboard; sourceTree = "<group>"; };
		9B3352DA1D990ED500183C2E /* Info.plist */ = {isa = PBXFileReference; lastKnownFileType = text.plist.xml; path = Info.plist; sourceTree = "<group>"; };
		9B3352E01D99148B00183C2E /* ToDo+CoreDataProperties.swift */ = {isa = PBXFileReference; fileEncoding = 4; lastKnownFileType = sourcecode.swift; path = "ToDo+CoreDataProperties.swift"; sourceTree = "<group>"; };
		9B3352E11D99148B00183C2E /* ToDo.swift */ = {isa = PBXFileReference; fileEncoding = 4; lastKnownFileType = sourcecode.swift; path = ToDo.swift; sourceTree = "<group>"; };
		9B3352E41D991F7400183C2E /* ToDoListTableViewController.swift */ = {isa = PBXFileReference; fileEncoding = 4; lastKnownFileType = sourcecode.swift; path = ToDoListTableViewController.swift; sourceTree = "<group>"; };
		9B3352E61D9A774500183C2E /* ToDoListCoreData-Bridging-Header.h */ = {isa = PBXFileReference; lastKnownFileType = sourcecode.c.h; path = "ToDoListCoreData-Bridging-Header.h"; sourceTree = "<group>"; };
		C4571F2251A97FD6F933CEA6 /* Pods-ToDoListCoreData.release.xcconfig */ = {isa = PBXFileReference; includeInIndex = 1; lastKnownFileType = text.xcconfig; name = "Pods-ToDoListCoreData.release.xcconfig"; path = "Pods/Target Support Files/Pods-ToDoListCoreData/Pods-ToDoListCoreData.release.xcconfig"; sourceTree = "<group>"; };
/* End PBXFileReference section */

/* Begin PBXFrameworksBuildPhase section */
		9B3352C51D990ED500183C2E /* Frameworks */ = {
			isa = PBXFrameworksBuildPhase;
			buildActionMask = 2147483647;
			files = (
				028918774F7DDCB86EE1CDE2 /* Pods_ToDoListCoreData.framework in Frameworks */,
			);
			runOnlyForDeploymentPostprocessing = 0;
		};
/* End PBXFrameworksBuildPhase section */

/* Begin PBXGroup section */
		4B9F8AD01D0AB33265D2D139 /* Pods */ = {
			isa = PBXGroup;
			children = (
				31B4EEA0D80FE57D5512A547 /* Pods-ToDoListCoreData.debug.xcconfig */,
				C4571F2251A97FD6F933CEA6 /* Pods-ToDoListCoreData.release.xcconfig */,
			);
			name = Pods;
			sourceTree = "<group>";
		};
		9B3352BF1D990ED500183C2E = {
			isa = PBXGroup;
			children = (
				9B3352CA1D990ED500183C2E /* ToDoListCoreData */,
				9B3352C91D990ED500183C2E /* Products */,
				4B9F8AD01D0AB33265D2D139 /* Pods */,
				D1E69B39B192101CCD993ADB /* Frameworks */,
			);
			sourceTree = "<group>";
		};
		9B3352C91D990ED500183C2E /* Products */ = {
			isa = PBXGroup;
			children = (
				9B3352C81D990ED500183C2E /* ToDoListCoreData.app */,
			);
			name = Products;
			sourceTree = "<group>";
		};
		9B3352CA1D990ED500183C2E /* ToDoListCoreData */ = {
			isa = PBXGroup;
			children = (
				9B3352CB1D990ED500183C2E /* AppDelegate.swift */,
				9B3352CD1D990ED500183C2E /* ViewController.swift */,
				9B3352E41D991F7400183C2E /* ToDoListTableViewController.swift */,
				9B3352CF1D990ED500183C2E /* Main.storyboard */,
				9B3352D51D990ED500183C2E /* Assets.xcassets */,
				9B3352D71D990ED500183C2E /* LaunchScreen.storyboard */,
				9B3352DA1D990ED500183C2E /* Info.plist */,
				9B3352D21D990ED500183C2E /* ToDoListCoreData.xcdatamodeld */,
				9B3352E01D99148B00183C2E /* ToDo+CoreDataProperties.swift */,
				9B3352E11D99148B00183C2E /* ToDo.swift */,
				9B3352E61D9A774500183C2E /* ToDoListCoreData-Bridging-Header.h */,
			);
			path = ToDoListCoreData;
			sourceTree = "<group>";
		};
		D1E69B39B192101CCD993ADB /* Frameworks */ = {
			isa = PBXGroup;
			children = (
				3794CD7E6AF54481E8C2701C /* Pods_ToDoListCoreData.framework */,
			);
			name = Frameworks;
			sourceTree = "<group>";
		};
/* End PBXGroup section */

/* Begin PBXNativeTarget section */
		9B3352C71D990ED500183C2E /* ToDoListCoreData */ = {
			isa = PBXNativeTarget;
			buildConfigurationList = 9B3352DD1D990ED500183C2E /* Build configuration list for PBXNativeTarget "ToDoListCoreData" */;
			buildPhases = (
				032DF2EA23810E73818C03BC /* [CP] Check Pods Manifest.lock */,
				9B3352C41D990ED500183C2E /* Sources */,
				9B3352C51D990ED500183C2E /* Frameworks */,
				9B3352C61D990ED500183C2E /* Resources */,
				E5B54F774DA1CFAB00C8254E /* [CP] Embed Pods Frameworks */,
				6E26827731EA559ADAD95783 /* [CP] Copy Pods Resources */,
			);
			buildRules = (
			);
			dependencies = (
			);
			name = ToDoListCoreData;
			productName = ToDoListCoreData;
			productReference = 9B3352C81D990ED500183C2E /* ToDoListCoreData.app */;
			productType = "com.apple.product-type.application";
		};
/* End PBXNativeTarget section */

/* Begin PBXProject section */
		9B3352C01D990ED500183C2E /* Project object */ = {
			isa = PBXProject;
			attributes = {
				LastSwiftUpdateCheck = 0730;
				LastUpgradeCheck = 0730;
				ORGANIZATIONNAME = "Channat Tem";
				TargetAttributes = {
					9B3352C71D990ED500183C2E = {
						CreatedOnToolsVersion = 7.3.1;
						DevelopmentTeam = 4QZSS4MQNV;
					};
				};
			};
			buildConfigurationList = 9B3352C31D990ED500183C2E /* Build configuration list for PBXProject "ToDoListCoreData" */;
			compatibilityVersion = "Xcode 3.2";
			developmentRegion = English;
			hasScannedForEncodings = 0;
			knownRegions = (
				en,
				Base,
			);
			mainGroup = 9B3352BF1D990ED500183C2E;
			productRefGroup = 9B3352C91D990ED500183C2E /* Products */;
			projectDirPath = "";
			projectRoot = "";
			targets = (
				9B3352C71D990ED500183C2E /* ToDoListCoreData */,
			);
		};
/* End PBXProject section */

/* Begin PBXResourcesBuildPhase section */
		9B3352C61D990ED500183C2E /* Resources */ = {
			isa = PBXResourcesBuildPhase;
			buildActionMask = 2147483647;
			files = (
				9B3352D91D990ED500183C2E /* LaunchScreen.storyboard in Resources */,
				9B3352D61D990ED500183C2E /* Assets.xcassets in Resources */,
				9B3352D11D990ED500183C2E /* Main.storyboard in Resources */,
			);
			runOnlyForDeploymentPostprocessing = 0;
		};
/* End PBXResourcesBuildPhase section */

/* Begin PBXShellScriptBuildPhase section */
		032DF2EA23810E73818C03BC /* [CP] Check Pods Manifest.lock */ = {
			isa = PBXShellScriptBuildPhase;
			buildActionMask = 2147483647;
			files = (
			);
			inputPaths = (
			);
			name = "[CP] Check Pods Manifest.lock";
			outputPaths = (
			);
			runOnlyForDeploymentPostprocessing = 0;
			shellPath = /bin/sh;
			shellScript = "diff \"${PODS_ROOT}/../Podfile.lock\" \"${PODS_ROOT}/Manifest.lock\" > /dev/null\nif [[ $? != 0 ]] ; then\n    cat << EOM\nerror: The sandbox is not in sync with the Podfile.lock. Run 'pod install' or update your CocoaPods installation.\nEOM\n    exit 1\nfi\n";
			showEnvVarsInLog = 0;
		};
		6E26827731EA559ADAD95783 /* [CP] Copy Pods Resources */ = {
			isa = PBXShellScriptBuildPhase;
			buildActionMask = 2147483647;
			files = (
			);
			inputPaths = (
			);
			name = "[CP] Copy Pods Resources";
			outputPaths = (
			);
			runOnlyForDeploymentPostprocessing = 0;
			shellPath = /bin/sh;
			shellScript = "\"${SRCROOT}/Pods/Target Support Files/Pods-ToDoListCoreData/Pods-ToDoListCoreData-resources.sh\"\n";
			showEnvVarsInLog = 0;
		};
		E5B54F774DA1CFAB00C8254E /* [CP] Embed Pods Frameworks */ = {
			isa = PBXShellScriptBuildPhase;
			buildActionMask = 2147483647;
			files = (
			);
			inputPaths = (
			);
			name = "[CP] Embed Pods Frameworks";
			outputPaths = (
			);
			runOnlyForDeploymentPostprocessing = 0;
			shellPath = /bin/sh;
			shellScript = "\"${SRCROOT}/Pods/Target Support Files/Pods-ToDoListCoreData/Pods-ToDoListCoreData-frameworks.sh\"\n";
			showEnvVarsInLog = 0;
		};
/* End PBXShellScriptBuildPhase section */

/* Begin PBXSourcesBuildPhase section */
		9B3352C41D990ED500183C2E /* Sources */ = {
			isa = PBXSourcesBuildPhase;
			buildActionMask = 2147483647;
			files = (
				9B3352CE1D990ED500183C2E /* ViewController.swift in Sources */,
				9B3352E31D99148B00183C2E /* ToDo.swift in Sources */,
				9B3352E21D99148B00183C2E /* ToDo+CoreDataProperties.swift in Sources */,
				9B3352CC1D990ED500183C2E /* AppDelegate.swift in Sources */,
				9B3352D41D990ED500183C2E /* ToDoListCoreData.xcdatamodeld in Sources */,
				9B3352E51D991F7400183C2E /* ToDoListTableViewController.swift in Sources */,
			);
			runOnlyForDeploymentPostprocessing = 0;
		};
/* End PBXSourcesBuildPhase section */

/* Begin PBXVariantGroup section */
		9B3352CF1D990ED500183C2E /* Main.storyboard */ = {
			isa = PBXVariantGroup;
			children = (
				9B3352D01D990ED500183C2E /* Base */,
			);
			name = Main.storyboard;
			sourceTree = "<group>";
		};
		9B3352D71D990ED500183C2E /* LaunchScreen.storyboard */ = {
			isa = PBXVariantGroup;
			children = (
				9B3352D81D990ED500183C2E /* Base */,
			);
			name = LaunchScreen.storyboard;
			sourceTree = "<group>";
		};
/* End PBXVariantGroup section */

/* Begin XCBuildConfiguration section */
		9B3352DB1D990ED500183C2E /* Debug */ = {
			isa = XCBuildConfiguration;
			buildSettings = {
				ALWAYS_SEARCH_USER_PATHS = NO;
				CLANG_ANALYZER_NONNULL = YES;
				CLANG_CXX_LANGUAGE_STANDARD = "gnu++0x";
				CLANG_CXX_LIBRARY = "libc++";
				CLANG_ENABLE_MODULES = YES;
				CLANG_ENABLE_OBJC_ARC = YES;
				CLANG_WARN_BOOL_CONVERSION = YES;
				CLANG_WARN_CONSTANT_CONVERSION = YES;
				CLANG_WARN_DIRECT_OBJC_ISA_USAGE = YES_ERROR;
				CLANG_WARN_EMPTY_BODY = YES;
				CLANG_WARN_ENUM_CONVERSION = YES;
				CLANG_WARN_INT_CONVERSION = YES;
				CLANG_WARN_OBJC_ROOT_CLASS = YES_ERROR;
				CLANG_WARN_UNREACHABLE_CODE = YES;
				CLANG_WARN__DUPLICATE_METHOD_MATCH = YES;
				"CODE_SIGN_IDENTITY[sdk=iphoneos*]" = "iPhone Developer";
				COPY_PHASE_STRIP = NO;
				DEBUG_INFORMATION_FORMAT = dwarf;
				ENABLE_STRICT_OBJC_MSGSEND = YES;
				ENABLE_TESTABILITY = YES;
				GCC_C_LANGUAGE_STANDARD = gnu99;
				GCC_DYNAMIC_NO_PIC = NO;
				GCC_NO_COMMON_BLOCKS = YES;
				GCC_OPTIMIZATION_LEVEL = 0;
				GCC_PREPROCESSOR_DEFINITIONS = (
					"DEBUG=1",
					"$(inherited)",
				);
				GCC_WARN_64_TO_32_BIT_CONVERSION = YES;
				GCC_WARN_ABOUT_RETURN_TYPE = YES_ERROR;
				GCC_WARN_UNDECLARED_SELECTOR = YES;
				GCC_WARN_UNINITIALIZED_AUTOS = YES_AGGRESSIVE;
				GCC_WARN_UNUSED_FUNCTION = YES;
				GCC_WARN_UNUSED_VARIABLE = YES;
				IPHONEOS_DEPLOYMENT_TARGET = 9.3;
				MTL_ENABLE_DEBUG_INFO = YES;
				ONLY_ACTIVE_ARCH = YES;
				SDKROOT = iphoneos;
				SWIFT_OPTIMIZATION_LEVEL = "-Onone";
			};
			name = Debug;
		};
		9B3352DC1D990ED500183C2E /* Release */ = {
			isa = XCBuildConfiguration;
			buildSettings = {
				ALWAYS_SEARCH_USER_PATHS = NO;
				CLANG_ANALYZER_NONNULL = YES;
				CLANG_CXX_LANGUAGE_STANDARD = "gnu++0x";
				CLANG_CXX_LIBRARY = "libc++";
				CLANG_ENABLE_MODULES = YES;
				CLANG_ENABLE_OBJC_ARC = YES;
				CLANG_WARN_BOOL_CONVERSION = YES;
				CLANG_WARN_CONSTANT_CONVERSION = YES;
				CLANG_WARN_DIRECT_OBJC_ISA_USAGE = YES_ERROR;
				CLANG_WARN_EMPTY_BODY = YES;
				CLANG_WARN_ENUM_CONVERSION = YES;
				CLANG_WARN_INT_CONVERSION = YES;
				CLANG_WARN_OBJC_ROOT_CLASS = YES_ERROR;
				CLANG_WARN_UNREACHABLE_CODE = YES;
				CLANG_WARN__DUPLICATE_METHOD_MATCH = YES;
				"CODE_SIGN_IDENTITY[sdk=iphoneos*]" = "iPhone Developer";
				COPY_PHASE_STRIP = NO;
				DEBUG_INFORMATION_FORMAT = "dwarf-with-dsym";
				ENABLE_NS_ASSERTIONS = NO;
				ENABLE_STRICT_OBJC_MSGSEND = YES;
				GCC_C_LANGUAGE_STANDARD = gnu99;
				GCC_NO_COMMON_BLOCKS = YES;
				GCC_WARN_64_TO_32_BIT_CONVERSION = YES;
				GCC_WARN_ABOUT_RETURN_TYPE = YES_ERROR;
				GCC_WARN_UNDECLARED_SELECTOR = YES;
				GCC_WARN_UNINITIALIZED_AUTOS = YES_AGGRESSIVE;
				GCC_WARN_UNUSED_FUNCTION = YES;
				GCC_WARN_UNUSED_VARIABLE = YES;
				IPHONEOS_DEPLOYMENT_TARGET = 9.3;
				MTL_ENABLE_DEBUG_INFO = NO;
				SDKROOT = iphoneos;
				VALIDATE_PRODUCT = YES;
			};
			name = Release;
		};
		9B3352DE1D990ED500183C2E /* Debug */ = {
			isa = XCBuildConfiguration;
			baseConfigurationReference = 31B4EEA0D80FE57D5512A547 /* Pods-ToDoListCoreData.debug.xcconfig */;
			buildSettings = {
				ASSETCATALOG_COMPILER_APPICON_NAME = AppIcon;
				CLANG_ENABLE_MODULES = YES;
				INFOPLIST_FILE = ToDoListCoreData/Info.plist;
				LD_RUNPATH_SEARCH_PATHS = "$(inherited) @executable_path/Frameworks";
				PRODUCT_BUNDLE_IDENTIFIER = temchannat.ToDoListCoreData;
				PRODUCT_NAME = "$(TARGET_NAME)";
				SWIFT_OBJC_BRIDGING_HEADER = "ToDoListCoreData/ToDoListCoreData-Bridging-Header.h";
				SWIFT_OPTIMIZATION_LEVEL = "-Onone";
			};
			name = Debug;
		};
		9B3352DF1D990ED500183C2E /* Release */ = {
			isa = XCBuildConfiguration;
			baseConfigurationReference = C4571F2251A97FD6F933CEA6 /* Pods-ToDoListCoreData.release.xcconfig */;
			buildSettings = {
				ASSETCATALOG_COMPILER_APPICON_NAME = AppIcon;
				CLANG_ENABLE_MODULES = YES;
				INFOPLIST_FILE = ToDoListCoreData/Info.plist;
				LD_RUNPATH_SEARCH_PATHS = "$(inherited) @executable_path/Frameworks";
				PRODUCT_BUNDLE_IDENTIFIER = temchannat.ToDoListCoreData;
				PRODUCT_NAME = "$(TARGET_NAME)";
				SWIFT_OBJC_BRIDGING_HEADER = "ToDoListCoreData/ToDoListCoreData-Bridging-Header.h";
			};
			name = Release;
		};
/* End XCBuildConfiguration section */

/* Begin XCConfigurationList section */
		9B3352C31D990ED500183C2E /* Build configuration list for PBXProject "ToDoListCoreData" */ = {
			isa = XCConfigurationList;
			buildConfigurations = (
				9B3352DB1D990ED500183C2E /* Debug */,
				9B3352DC1D990ED500183C2E /* Release */,
			);
			defaultConfigurationIsVisible = 0;
			defaultConfigurationName = Release;
		};
		9B3352DD1D990ED500183C2E /* Build configuration list for PBXNativeTarget "ToDoListCoreData" */ = {
			isa = XCConfigurationList;
			buildConfigurations = (
				9B3352DE1D990ED500183C2E /* Debug */,
				9B3352DF1D990ED500183C2E /* Release */,
			);
			defaultConfigurationIsVisible = 0;
			defaultConfigurationName = Release;
		};
/* End XCConfigurationList section */

/* Begin XCVersionGroup section */
		9B3352D21D990ED500183C2E /* ToDoListCoreData.xcdatamodeld */ = {
			isa = XCVersionGroup;
			children = (
				9B3352D31D990ED500183C2E /* ToDoListCoreData.xcdatamodel */,
			);
			currentVersion = 9B3352D31D990ED500183C2E /* ToDoListCoreData.xcdatamodel */;
			path = ToDoListCoreData.xcdatamodeld;
			sourceTree = "<group>";
			versionGroupType = wrapper.xcdatamodel;
		};
/* End XCVersionGroup section */
	};
	rootObject = 9B3352C01D990ED500183C2E /* Project object */;
}
